<?xml version="1.0" encoding="utf-8"?>
<Project ToolsVersion="4.0" xmlns="http://schemas.microsoft.com/developer/msbuild/2003">
  <ItemGroup>
    <Filter Include="Source Files">
      <UniqueIdentifier>{4FC737F1-C7A5-4376-A066-2A32D752A2FF}</UniqueIdentifier>
      <Extensions>cpp;c;cc;cxx;def;odl;idl;hpj;bat;asm;asmx</Extensions>
    </Filter>
    <Filter Include="nd_rudp">
      <UniqueIdentifier>{93995380-89BD-4b04-88EB-625FBE52EBFB}</UniqueIdentifier>
      <Extensions>h;hpp;hxx;hm;inl;inc;xsd</Extensions>
    </Filter>
    <Filter Include="Resource Files">
      <UniqueIdentifier>{67DA6AB6-F800-4c08-8B7A-83BB121AAD01}</UniqueIdentifier>
      <Extensions>rc;ico;cur;bmp;dlg;rc2;rct;bin;rgs;gif;jpg;jpeg;jpe;resx;tiff;tif;png;wav</Extensions>
    </Filter>
    <Filter Include="nd_core">
      <UniqueIdentifier>{1af0c184-0be2-42e4-a20a-820ba03972b4}</UniqueIdentifier>
    </Filter>
  </ItemGroup>
  <ItemGroup>
    <ClCompile Include="nd_rudp.c">
      <Filter>nd_rudp</Filter>
    </ClCompile>
    <ClCompile Include="nd_rudp_api.c">
      <Filter>nd_rudp</Filter>
    </ClCompile>
    <ClCompile Include="nd_rudp_channel.c">
      <Filter>nd_rudp</Filter>
    </ClCompile>
    <ClCompile Include="nd_rudp_endpoint.c">
      <Filter>nd_rudp</Filter>
    </ClCompile>
    <ClCompile Include="nd_rudp_event.c">
      <Filter>nd_rudp</Filter>
    </ClCompile>
    <ClCompile Include="nd_rudp_packet.c">
      <Filter>nd_rudp</Filter>
    </ClCompile>
    <ClCompile Include="nd_core\nd_heap.c">
      <Filter>nd_core</Filter>
    </ClCompile>
    <ClCompile Include="nd_core\nd_mutex.c">
      <Filter>nd_core</Filter>
    </ClCompile>
    <ClCompile Include="nd_core\nd_pool.c">
      <Filter>nd_core</Filter>
    </ClCompile>
    <ClCompile Include="nd_core\nd_rbtree.c">
      <Filter>nd_core</Filter>
    </ClCompile>
    <ClCompile Include="nd_core\nd_thread.c">
      <Filter>nd_core</Filter>
    </ClCompile>
    <ClCompile Include="nd_core\nd_time.c">
      <Filter>nd_core</Filter>
    </ClCompile>
  </ItemGroup>
  <ItemGroup>
    <ClInclude Include="nd_rudp.h">
      <Filter>nd_rudp</Filter>
    </ClInclude>
    <ClInclude Include="nd_rudp_api.h">
      <Filter>nd_rudp</Filter>
    </ClInclude>
    <ClInclude Include="nd_rudp_channel.h">
      <Filter>nd_rudp</Filter>
    </ClInclude>
    <ClInclude Include="nd_rudp_common_def.h">
      <Filter>nd_rudp</Filter>
    </ClInclude>
    <ClInclude Include="nd_rudp_endpoint.h">
      <Filter>nd_rudp</Filter>
    </ClInclude>
    <ClInclude Include="nd_rudp_event.h">
      <Filter>nd_rudp</Filter>
    </ClInclude>
    <ClInclude Include="nd_rudp_packet.h">
      <Filter>nd_rudp</Filter>
    </ClInclude>
    <ClInclude Include="nd_core\nd_core.h">
      <Filter>nd_core</Filter>
    </ClInclude>
    <ClInclude Include="nd_core\nd_dlist.h">
      <Filter>nd_core</Filter>
    </ClInclude>
    <ClInclude Include="nd_core\nd_err.h">
      <Filter>nd_core</Filter>
    </ClInclude>
    <ClInclude Include="nd_core\nd_heap.h">
      <Filter>nd_core</Filter>
    </ClInclude>
    <ClInclude Include="nd_core\nd_mutex.h">
      <Filter>nd_core</Filter>
    </ClInclude>
    <ClInclude Include="nd_core\nd_pool.h">
      <Filter>nd_core</Filter>
    </ClInclude>
    <ClInclude Include="nd_core\nd_queue.h">
      <Filter>nd_core</Filter>
    </ClInclude>
    <ClInclude Include="nd_core\nd_rbtree.h">
      <Filter>nd_core</Filter>
    </ClInclude>
    <ClInclude Include="nd_core\nd_thread.h">
      <Filter>nd_core</Filter>
    </ClInclude>
    <ClInclude Include="nd_core\nd_time.h">
      <Filter>nd_core</Filter>
    </ClInclude>
    <ClInclude Include="nd_core\nd_typedef.h">
      <Filter>nd_core</Filter>
    </ClInclude>
  </ItemGroup>
  <ItemGroup>
    <Text Include="ReadMe.txt" />
  </ItemGroup>
</Project>